
Microsoft Visual Studio Solution File, Format Version 12.00
# Visual Studio 14
VisualStudioVersion = 14.0.25123.0
MinimumVisualStudioVersion = 10.0.40219.1
Project("{FAE04EC0-301F-11D3-BF4B-00C04F79EFBC}") = "WebPage", "WebPage\WebPage.csproj", "{90F3845C-9DAE-4D1F-8C84-80E6AF0DBD78}"
EndProject
Project("{2150E333-8FDC-42A3-9474-1A3956D46DE8}") = "01Infrastructure", "01Infrastructure", "{C211EA7B-71DD-4701-A8F9-0041B79030DC}"
EndProject
Project("{2150E333-8FDC-42A3-9474-1A3956D46DE8}") = "02Domain", "02Domain", "{3D2214A5-A9C6-42FE-BCFB-B16399C1A022}"
EndProject
Project("{2150E333-8FDC-42A3-9474-1A3956D46DE8}") = "04Presentation", "04Presentation", "{0B5CB51D-54B9-4009-B82F-982800D3AE99}"
EndProject
Project("{FAE04EC0-301F-11D3-BF4B-00C04F79EFBC}") = "Domain", "Domain\Domain.csproj", "{CF9D3A01-C40A-450D-960C-086BC6798697}"
EndProject
Project("{FAE04EC0-301F-11D3-BF4B-00C04F79EFBC}") = "Service", "Service\Service.csproj", "{7DD673E2-1987-47FE-B8BF-40BF4A55AB10}"
EndProject
Project("{FAE04EC0-301F-11D3-BF4B-00C04F79EFBC}") = "Common", "Common\Common.csproj", "{23F20F85-6C38-4BB5-9FAB-E0CE1252CB56}"
EndProject
Project("{FAE04EC0-301F-11D3-BF4B-00C04F79EFBC}") = "PublicAnonymous", "PublicAnonymous\PublicAnonymous.csproj", "{A4945099-BEB3-47E4-8BB5-DACDC6578388}"
EndProject
Project("{FAE04EC0-301F-11D3-BF4B-00C04F79EFBC}") = "Byte2Image", "Byte2Image\Byte2Image.csproj", "{77CB0DF7-4B07-4898-98B3-59A8C7411FFB}"
EndProject
Project("{2150E333-8FDC-42A3-9474-1A3956D46DE8}") = "03Service", "03Service", "{BC34A51B-3EAC-445B-8D56-53D957836ADB}"
EndProject
Global
	GlobalSection(SolutionConfigurationPlatforms) = preSolution
		Debug|Any CPU = Debug|Any CPU
		Release|Any CPU = Release|Any CPU
	EndGlobalSection
	GlobalSection(ProjectConfigurationPlatforms) = postSolution
		{90F3845C-9DAE-4D1F-8C84-80E6AF0DBD78}.Debug|Any CPU.ActiveCfg = Debug|Any CPU
		{90F3845C-9DAE-4D1F-8C84-80E6AF0DBD78}.Debug|Any CPU.Build.0 = Debug|Any CPU
		{90F3845C-9DAE-4D1F-8C84-80E6AF0DBD78}.Release|Any CPU.ActiveCfg = Release|Any CPU
		{90F3845C-9DAE-4D1F-8C84-80E6AF0DBD78}.Release|Any CPU.Build.0 = Release|Any CPU
		{CF9D3A01-C40A-450D-960C-086BC6798697}.Debug|Any CPU.ActiveCfg = Debug|Any CPU
		{CF9D3A01-C40A-450D-960C-086BC6798697}.Debug|Any CPU.Build.0 = Debug|Any CPU
		{CF9D3A01-C40A-450D-960C-086BC6798697}.Release|Any CPU.ActiveCfg = Release|Any CPU
		{CF9D3A01-C40A-450D-960C-086BC6798697}.Release|Any CPU.Build.0 = Release|Any CPU
		{7DD673E2-1987-47FE-B8BF-40BF4A55AB10}.Debug|Any CPU.ActiveCfg = Debug|Any CPU
		{7DD673E2-1987-47FE-B8BF-40BF4A55AB10}.Debug|Any CPU.Build.0 = Debug|Any CPU
		{7DD673E2-1987-47FE-B8BF-40BF4A55AB10}.Release|Any CPU.ActiveCfg = Release|Any CPU
		{7DD673E2-1987-47FE-B8BF-40BF4A55AB10}.Release|Any CPU.Build.0 = Release|Any CPU
		{23F20F85-6C38-4BB5-9FAB-E0CE1252CB56}.Debug|Any CPU.ActiveCfg = Debug|Any CPU
		{23F20F85-6C38-4BB5-9FAB-E0CE1252CB56}.Debug|Any CPU.Build.0 = Debug|Any CPU
		{23F20F85-6C38-4BB5-9FAB-E0CE1252CB56}.Release|Any CPU.ActiveCfg = Release|Any CPU
		{23F20F85-6C38-4BB5-9FAB-E0CE1252CB56}.Release|Any CPU.Build.0 = Release|Any CPU
		{A4945099-BEB3-47E4-8BB5-DACDC6578388}.Debug|Any CPU.ActiveCfg = Debug|Any CPU
		{A4945099-BEB3-47E4-8BB5-DACDC6578388}.Debug|Any CPU.Build.0 = Debug|Any CPU
		{A4945099-BEB3-47E4-8BB5-DACDC6578388}.Release|Any CPU.ActiveCfg = Release|Any CPU
		{A4945099-BEB3-47E4-8BB5-DACDC6578388}.Release|Any CPU.Build.0 = Release|Any CPU
		{77CB0DF7-4B07-4898-98B3-59A8C7411FFB}.Debug|Any CPU.ActiveCfg = Debug|Any CPU
		{77CB0DF7-4B07-4898-98B3-59A8C7411FFB}.Debug|Any CPU.Build.0 = Debug|Any CPU
		{77CB0DF7-4B07-4898-98B3-59A8C7411FFB}.Release|Any CPU.ActiveCfg = Release|Any CPU
		{77CB0DF7-4B07-4898-98B3-59A8C7411FFB}.Release|Any CPU.Build.0 = Release|Any CPU
	EndGlobalSection
	GlobalSection(SolutionProperties) = preSolution
		HideSolutionNode = FALSE
	EndGlobalSection
	GlobalSection(NestedProjects) = preSolution
		{90F3845C-9DAE-4D1F-8C84-80E6AF0DBD78} = {0B5CB51D-54B9-4009-B82F-982800D3AE99}
		{CF9D3A01-C40A-450D-960C-086BC6798697} = {3D2214A5-A9C6-42FE-BCFB-B16399C1A022}
		{7DD673E2-1987-47FE-B8BF-40BF4A55AB10} = {BC34A51B-3EAC-445B-8D56-53D957836ADB}
		{23F20F85-6C38-4BB5-9FAB-E0CE1252CB56} = {C211EA7B-71DD-4701-A8F9-0041B79030DC}
		{A4945099-BEB3-47E4-8BB5-DACDC6578388} = {C211EA7B-71DD-4701-A8F9-0041B79030DC}
		{77CB0DF7-4B07-4898-98B3-59A8C7411FFB} = {C211EA7B-71DD-4701-A8F9-0041B79030DC}
	EndGlobalSection
EndGlobal
